
Microsoft Visual Studio Solution File, Format Version 12.00
# Visual Studio 15
VisualStudioVersion = 15.0.28307.329
MinimumVisualStudioVersion = 10.0.40219.1
Project("{FAE04EC0-301F-11D3-BF4B-00C04F79EFBC}") = "Anagram", "Anagram\Anagram.csproj", "{56E914C7-6187-4E31-A60C-409EBFAE52F3}"
EndProject
Project("{9A19103F-16F7-4668-BE54-9A1E7A4F7556}") = "AnagramRepository", "AnagramRepository\AnagramRepository.csproj", "{97F8F505-9DB2-49F2-9AFB-150AAC5E5CEB}"
EndProject
Project("{FAE04EC0-301F-11D3-BF4B-00C04F79EFBC}") = "AnagramWeb", "AnagramWeb\AnagramWeb.csproj", "{8D77D952-1228-4ACD-9042-28335867504B}"
EndProject
Project("{FAE04EC0-301F-11D3-BF4B-00C04F79EFBC}") = "AnagramTest", "AnagramTest\AnagramTest.csproj", "{B2AC3FE8-C9A1-4327-B148-741770DF98C3}"
EndProject
Global
	GlobalSection(SolutionConfigurationPlatforms) = preSolution
		Debug|Any CPU = Debug|Any CPU
		Release|Any CPU = Release|Any CPU
	EndGlobalSection
	GlobalSection(ProjectConfigurationPlatforms) = postSolution
		{56E914C7-6187-4E31-A60C-409EBFAE52F3}.Debug|Any CPU.ActiveCfg = Debug|Any CPU
		{56E914C7-6187-4E31-A60C-409EBFAE52F3}.Debug|Any CPU.Build.0 = Debug|Any CPU
		{56E914C7-6187-4E31-A60C-409EBFAE52F3}.Release|Any CPU.ActiveCfg = Release|Any CPU
		{56E914C7-6187-4E31-A60C-409EBFAE52F3}.Release|Any CPU.Build.0 = Release|Any CPU
		{97F8F505-9DB2-49F2-9AFB-150AAC5E5CEB}.Debug|Any CPU.ActiveCfg = Debug|Any CPU
		{97F8F505-9DB2-49F2-9AFB-150AAC5E5CEB}.Debug|Any CPU.Build.0 = Debug|Any CPU
		{97F8F505-9DB2-49F2-9AFB-150AAC5E5CEB}.Release|Any CPU.ActiveCfg = Release|Any CPU
		{97F8F505-9DB2-49F2-9AFB-150AAC5E5CEB}.Release|Any CPU.Build.0 = Release|Any CPU
		{8D77D952-1228-4ACD-9042-28335867504B}.Debug|Any CPU.ActiveCfg = Debug|Any CPU
		{8D77D952-1228-4ACD-9042-28335867504B}.Debug|Any CPU.Build.0 = Debug|Any CPU
		{8D77D952-1228-4ACD-9042-28335867504B}.Release|Any CPU.ActiveCfg = Release|Any CPU
		{8D77D952-1228-4ACD-9042-28335867504B}.Release|Any CPU.Build.0 = Release|Any CPU
		{B2AC3FE8-C9A1-4327-B148-741770DF98C3}.Debug|Any CPU.ActiveCfg = Debug|Any CPU
		{B2AC3FE8-C9A1-4327-B148-741770DF98C3}.Debug|Any CPU.Build.0 = Debug|Any CPU
		{B2AC3FE8-C9A1-4327-B148-741770DF98C3}.Release|Any CPU.ActiveCfg = Release|Any CPU
		{B2AC3FE8-C9A1-4327-B148-741770DF98C3}.Release|Any CPU.Build.0 = Release|Any CPU
	EndGlobalSection
	GlobalSection(SolutionProperties) = preSolution
		HideSolutionNode = FALSE
	EndGlobalSection
	GlobalSection(ExtensibilityGlobals) = postSolution
		SolutionGuid = {ABA5D30E-77A7-4D25-A302-165697F563C4}
	EndGlobalSection
EndGlobal
